
Microsoft Visual Studio Solution File, Format Version 12.00
# Visual Studio Version 17
VisualStudioVersion = 17.12.35527.113
MinimumVisualStudioVersion = 10.0.40219.1
Project("{9A19103F-16F7-4668-BE54-9A1E7A4F7556}") = "计时器", "计时器\计时器.csproj", "{D819E6DE-87F3-480B-B520-E0D90063D98E}"
EndProject
Project("{2150E333-8FDC-42A3-9474-1A3956D46DE8}") = "doc", "doc", "{17FDE93D-2EB2-4B30-9958-58C136A3DC70}"
EndProject
Global
	GlobalSection(SolutionConfigurationPlatforms) = preSolution
		Debug|Any CPU = Debug|Any CPU
		Release|Any CPU = Release|Any CPU
	EndGlobalSection
	GlobalSection(ProjectConfigurationPlatforms) = postSolution
		{D819E6DE-87F3-480B-B520-E0D90063D98E}.Debug|Any CPU.ActiveCfg = Debug|Any CPU
		{D819E6DE-87F3-480B-B520-E0D90063D98E}.Debug|Any CPU.Build.0 = Debug|Any CPU
		{D819E6DE-87F3-480B-B520-E0D90063D98E}.Release|Any CPU.ActiveCfg = Release|Any CPU
		{D819E6DE-87F3-480B-B520-E0D90063D98E}.Release|Any CPU.Build.0 = Release|Any CPU
	EndGlobalSection
	GlobalSection(SolutionProperties) = preSolution
		HideSolutionNode = FALSE
	EndGlobalSection
EndGlobal
